
Microsoft Visual Studio Solution File, Format Version 12.00
# Visual Studio Version 16
VisualStudioVersion = 16.0.28714.193
MinimumVisualStudioVersion = 10.0.40219.1
Project("{9A19103F-16F7-4668-BE54-9A1E7A4F7556}") = "MultiTargetFramework", "MultiTargetFramework\MultiTargetFramework.csproj", "{2A537B8F-EEA1-4566-A9CE-B1B25F13725D}"
EndProject
Project("{E24C65DC-7377-472B-9ABA-BC803B73C61A}") = "MultiTargetFramework.Site", "MultiTargetFramework.Site\", "{75413030-A0D3-4A54-B0DF-A6C3097B7B93}"
	ProjectSection(WebsiteProperties) = preProject
		TargetFrameworkMoniker = ".NETFramework,Version%3Dv4.7.1"
		ProjectReferences = "{2a537b8f-eea1-4566-a9ce-b1b25f13725d}|MultiTargetFramework.dll;"
		Debug.AspNetCompiler.VirtualPath = "/localhost_51623"
		Debug.AspNetCompiler.PhysicalPath = "MultiTargetFramework.Site\"
		Debug.AspNetCompiler.TargetPath = "PrecompiledWeb\localhost_51623\"
		Debug.AspNetCompiler.Updateable = "true"
		Debug.AspNetCompiler.ForceOverwrite = "true"
		Debug.AspNetCompiler.FixedNames = "false"
		Debug.AspNetCompiler.Debug = "True"
		Release.AspNetCompiler.VirtualPath = "/localhost_51623"
		Release.AspNetCompiler.PhysicalPath = "MultiTargetFramework.Site\"
		Release.AspNetCompiler.TargetPath = "PrecompiledWeb\localhost_51623\"
		Release.AspNetCompiler.Updateable = "true"
		Release.AspNetCompiler.ForceOverwrite = "true"
		Release.AspNetCompiler.FixedNames = "false"
		Release.AspNetCompiler.Debug = "False"
		VWDPort = "51623"
		SlnRelativePath = "MultiTargetFramework.Site\"
	EndProjectSection
EndProject
Global
	GlobalSection(SolutionConfigurationPlatforms) = preSolution
		Debug|Any CPU = Debug|Any CPU
		Release|Any CPU = Release|Any CPU
	EndGlobalSection
	GlobalSection(ProjectConfigurationPlatforms) = postSolution
		{2A537B8F-EEA1-4566-A9CE-B1B25F13725D}.Debug|Any CPU.ActiveCfg = Debug|Any CPU
		{2A537B8F-EEA1-4566-A9CE-B1B25F13725D}.Debug|Any CPU.Build.0 = Debug|Any CPU
		{2A537B8F-EEA1-4566-A9CE-B1B25F13725D}.Release|Any CPU.ActiveCfg = Release|Any CPU
		{2A537B8F-EEA1-4566-A9CE-B1B25F13725D}.Release|Any CPU.Build.0 = Release|Any CPU
		{75413030-A0D3-4A54-B0DF-A6C3097B7B93}.Debug|Any CPU.ActiveCfg = Debug|Any CPU
		{75413030-A0D3-4A54-B0DF-A6C3097B7B93}.Debug|Any CPU.Build.0 = Debug|Any CPU
		{75413030-A0D3-4A54-B0DF-A6C3097B7B93}.Release|Any CPU.ActiveCfg = Debug|Any CPU
		{75413030-A0D3-4A54-B0DF-A6C3097B7B93}.Release|Any CPU.Build.0 = Debug|Any CPU
	EndGlobalSection
	GlobalSection(SolutionProperties) = preSolution
		HideSolutionNode = FALSE
	EndGlobalSection
	GlobalSection(ExtensibilityGlobals) = postSolution
		SolutionGuid = {53953A61-9D74-42BC-8AF9-39A795EFDC31}
	EndGlobalSection
EndGlobal
